
Microsoft Visual Studio Solution File, Format Version 12.00
# Visual Studio Version 17
VisualStudioVersion = 17.14.36414.22 d17.14
MinimumVisualStudioVersion = 10.0.40219.1
Project("{FAE04EC0-301F-11D3-BF4B-00C04F79EFBC}") = "GAME 10003 Game Development Foundations - 2D Game Template (v1.4)1", "GAME 10003 Game Development Foundations - 2D Game Template (v1.4)1.csproj", "{B7E10415-0F1D-4707-8054-2511D1A45EEB}"
EndProject
Global
	GlobalSection(SolutionConfigurationPlatforms) = preSolution
		Debug|Any CPU = Debug|Any CPU
		Release|Any CPU = Release|Any CPU
	EndGlobalSection
	GlobalSection(ProjectConfigurationPlatforms) = postSolution
		{B7E10415-0F1D-4707-8054-2511D1A45EEB}.Debug|Any CPU.ActiveCfg = Debug|Any CPU
		{B7E10415-0F1D-4707-8054-2511D1A45EEB}.Debug|Any CPU.Build.0 = Debug|Any CPU
		{B7E10415-0F1D-4707-8054-2511D1A45EEB}.Release|Any CPU.ActiveCfg = Release|Any CPU
		{B7E10415-0F1D-4707-8054-2511D1A45EEB}.Release|Any CPU.Build.0 = Release|Any CPU
	EndGlobalSection
	GlobalSection(SolutionProperties) = preSolution
		HideSolutionNode = FALSE
	EndGlobalSection
	GlobalSection(ExtensibilityGlobals) = postSolution
		SolutionGuid = {419C28CD-9DF4-4228-954E-F324B5A97B6B}
	EndGlobalSection
EndGlobal
